{
  "name": "QuanLySuKien",
  "lockfileVersion": 3,
  "requires": true,
  "packages": {
    "": {
      "dependencies": {
        "vue-material-design-icons": "^5.3.1"
      }
    },
    "node_modules/vue-material-design-icons": {
      "version": "5.3.1",
      "resolved": "https://registry.npmjs.org/vue-material-design-icons/-/vue-material-design-icons-5.3.1.tgz",
      "integrity": "sha512-6UNEyhlTzlCeT8ZeX5WbpUGFTTPSbOoTQeoASTv7X4Ylh0pe8vltj+36VMK56KM0gG8EQVoMK/Qw/6evalg8lA==",
      "license": "MIT"
    }
  }
}
